// !$*UTF8*$!
{
	archiveVersion = 1;
	classes = {
	};
	objectVersion = 46;
	objects = {

/* Begin PBXBuildFile section */
		1C7A07AF1CD3B1970017C24F /* ViewHelpers.swift in Sources */ = {isa = PBXBuildFile; fileRef = 1C7A07AE1CD3B1970017C24F /* ViewHelpers.swift */; };
		1CBF2FF21CD0189B009B1630 /* AppDelegate.swift in Sources */ = {isa = PBXBuildFile; fileRef = 1CBF2FF11CD0189B009B1630 /* AppDelegate.swift */; };
		1CBF2FF41CD0189B009B1630 /* MapViewController.swift in Sources */ = {isa = PBXBuildFile; fileRef = 1CBF2FF31CD0189B009B1630 /* MapViewController.swift */; };
		1CBF2FF71CD0189B009B1630 /* Main.storyboard in Resources */ = {isa = PBXBuildFile; fileRef = 1CBF2FF51CD0189B009B1630 /* Main.storyboard */; };
		1CBF2FFA1CD0189B009B1630 /* Virtual_Tourist.xcdatamodeld in Sources */ = {isa = PBXBuildFile; fileRef = 1CBF2FF81CD0189B009B1630 /* Virtual_Tourist.xcdatamodeld */; };
		1CBF2FFC1CD0189B009B1630 /* Assets.xcassets in Resources */ = {isa = PBXBuildFile; fileRef = 1CBF2FFB1CD0189B009B1630 /* Assets.xcassets */; };
		1CBF2FFF1CD0189B009B1630 /* LaunchScreen.storyboard in Resources */ = {isa = PBXBuildFile; fileRef = 1CBF2FFD1CD0189B009B1630 /* LaunchScreen.storyboard */; };
		1CBF30071CD01928009B1630 /* CoreDataStackManager.swift in Sources */ = {isa = PBXBuildFile; fileRef = 1CBF30061CD01928009B1630 /* CoreDataStackManager.swift */; };
		1CBF30091CD01DE0009B1630 /* MapKit.framework in Frameworks */ = {isa = PBXBuildFile; fileRef = 1CBF30081CD01DE0009B1630 /* MapKit.framework */; };
		1CBF300C1CD01F08009B1630 /* FlickrClient.swift in Sources */ = {isa = PBXBuildFile; fileRef = 1CBF300B1CD01F08009B1630 /* FlickrClient.swift */; };
		1CBF30111CD04B26009B1630 /* Pin.swift in Sources */ = {isa = PBXBuildFile; fileRef = 1CBF30101CD04B26009B1630 /* Pin.swift */; };
		1CBF30131CD04E02009B1630 /* Photo.swift in Sources */ = {isa = PBXBuildFile; fileRef = 1CBF30121CD04E02009B1630 /* Photo.swift */; };
		1CBF30151CD1808C009B1630 /* PhotoCollectionViewController.swift in Sources */ = {isa = PBXBuildFile; fileRef = 1CBF30141CD1808C009B1630 /* PhotoCollectionViewController.swift */; };
		1CBF30171CD189B3009B1630 /* FlickrConstants.swift in Sources */ = {isa = PBXBuildFile; fileRef = 1CBF30161CD189B3009B1630 /* FlickrConstants.swift */; };
		1CBF30191CD2CAA8009B1630 /* PhotoCollectionViewCell.swift in Sources */ = {isa = PBXBuildFile; fileRef = 1CBF30181CD2CAA8009B1630 /* PhotoCollectionViewCell.swift */; };
		1CBF301B1CD2CE02009B1630 /* Apple_Swift_Logo.png in Resources */ = {isa = PBXBuildFile; fileRef = 1CBF301A1CD2CE02009B1630 /* Apple_Swift_Logo.png */; };
/* End PBXBuildFile section */

/* Begin PBXFileReference section */
		1C7A07AE1CD3B1970017C24F /* ViewHelpers.swift */ = {isa = PBXFileReference; fileEncoding = 4; lastKnownFileType = sourcecode.swift; path = ViewHelpers.swift; sourceTree = "<group>"; };
		1CBF2FEE1CD0189B009B1630 /* Virtual Tourist.app */ = {isa = PBXFileReference; explicitFileType = wrapper.application; includeInIndex = 0; path = "Virtual Tourist.app"; sourceTree = BUILT_PRODUCTS_DIR; };
		1CBF2FF11CD0189B009B1630 /* AppDelegate.swift */ = {isa = PBXFileReference; lastKnownFileType = sourcecode.swift; path = AppDelegate.swift; sourceTree = "<group>"; };
		1CBF2FF31CD0189B009B1630 /* MapViewController.swift */ = {isa = PBXFileReference; lastKnownFileType = sourcecode.swift; path = MapViewController.swift; sourceTree = "<group>"; };
		1CBF2FF61CD0189B009B1630 /* Base */ = {isa = PBXFileReference; lastKnownFileType = file.storyboard; name = Base; path = Base.lproj/Main.storyboard; sourceTree = "<group>"; };
		1CBF2FF91CD0189B009B1630 /* Virtual_Tourist.xcdatamodel */ = {isa = PBXFileReference; lastKnownFileType = wrapper.xcdatamodel; path = Virtual_Tourist.xcdatamodel; sourceTree = "<group>"; };
		1CBF2FFB1CD0189B009B1630 /* Assets.xcassets */ = {isa = PBXFileReference; lastKnownFileType = folder.assetcatalog; path = Assets.xcassets; sourceTree = "<group>"; };
		1CBF2FFE1CD0189B009B1630 /* Base */ = {isa = PBXFileReference; lastKnownFileType = file.storyboard; name = Base; path = Base.lproj/LaunchScreen.storyboard; sourceTree = "<group>"; };
		1CBF30001CD0189B009B1630 /* Info.plist */ = {isa = PBXFileReference; lastKnownFileType = text.plist.xml; path = Info.plist; sourceTree = "<group>"; };
		1CBF30061CD01928009B1630 /* CoreDataStackManager.swift */ = {isa = PBXFileReference; fileEncoding = 4; lastKnownFileType = sourcecode.swift; path = CoreDataStackManager.swift; sourceTree = "<group>"; };
		1CBF30081CD01DE0009B1630 /* MapKit.framework */ = {isa = PBXFileReference; lastKnownFileType = wrapper.framework; name = MapKit.framework; path = System/Library/Frameworks/MapKit.framework; sourceTree = SDKROOT; };
		1CBF300B1CD01F08009B1630 /* FlickrClient.swift */ = {isa = PBXFileReference; fileEncoding = 4; lastKnownFileType = sourcecode.swift; path = FlickrClient.swift; sourceTree = "<group>"; };
		1CBF30101CD04B26009B1630 /* Pin.swift */ = {isa = PBXFileReference; fileEncoding = 4; lastKnownFileType = sourcecode.swift; path = Pin.swift; sourceTree = "<group>"; };
		1CBF30121CD04E02009B1630 /* Photo.swift */ = {isa = PBXFileReference; fileEncoding = 4; lastKnownFileType = sourcecode.swift; path = Photo.swift; sourceTree = "<group>"; };
		1CBF30141CD1808C009B1630 /* PhotoCollectionViewController.swift */ = {isa = PBXFileReference; fileEncoding = 4; lastKnownFileType = sourcecode.swift; path = PhotoCollectionViewController.swift; sourceTree = "<group>"; };
		1CBF30161CD189B3009B1630 /* FlickrConstants.swift */ = {isa = PBXFileReference; fileEncoding = 4; lastKnownFileType = sourcecode.swift; path = FlickrConstants.swift; sourceTree = "<group>"; };
		1CBF30181CD2CAA8009B1630 /* PhotoCollectionViewCell.swift */ = {isa = PBXFileReference; fileEncoding = 4; lastKnownFileType = sourcecode.swift; path = PhotoCollectionViewCell.swift; sourceTree = "<group>"; };
		1CBF301A1CD2CE02009B1630 /* Apple_Swift_Logo.png */ = {isa = PBXFileReference; lastKnownFileType = image.png; path = Apple_Swift_Logo.png; sourceTree = "<group>"; };
/* End PBXFileReference section */

/* Begin PBXFrameworksBuildPhase section */
		1CBF2FEB1CD0189B009B1630 /* Frameworks */ = {
			isa = PBXFrameworksBuildPhase;
			buildActionMask = 2147483647;
			files = (
				1CBF30091CD01DE0009B1630 /* MapKit.framework in Frameworks */,
			);
			runOnlyForDeploymentPostprocessing = 0;
		};
/* End PBXFrameworksBuildPhase section */

/* Begin PBXGroup section */
		1CBF2FE51CD0189B009B1630 = {
			isa = PBXGroup;
			children = (
				1CBF30081CD01DE0009B1630 /* MapKit.framework */,
				1CBF2FF01CD0189B009B1630 /* Virtual Tourist */,
				1CBF2FEF1CD0189B009B1630 /* Products */,
			);
			sourceTree = "<group>";
		};
		1CBF2FEF1CD0189B009B1630 /* Products */ = {
			isa = PBXGroup;
			children = (
				1CBF2FEE1CD0189B009B1630 /* Virtual Tourist.app */,
			);
			name = Products;
			sourceTree = "<group>";
		};
		1CBF2FF01CD0189B009B1630 /* Virtual Tourist */ = {
			isa = PBXGroup;
			children = (
				1CBF300A1CD01EEB009B1630 /* Models */,
				1CBF2FF11CD0189B009B1630 /* AppDelegate.swift */,
				1CBF301A1CD2CE02009B1630 /* Apple_Swift_Logo.png */,
				1CBF2FF31CD0189B009B1630 /* MapViewController.swift */,
				1CBF30141CD1808C009B1630 /* PhotoCollectionViewController.swift */,
				1CBF30181CD2CAA8009B1630 /* PhotoCollectionViewCell.swift */,
				1C7A07AE1CD3B1970017C24F /* ViewHelpers.swift */,
				1CBF2FF51CD0189B009B1630 /* Main.storyboard */,
				1CBF2FFB1CD0189B009B1630 /* Assets.xcassets */,
				1CBF2FFD1CD0189B009B1630 /* LaunchScreen.storyboard */,
				1CBF30001CD0189B009B1630 /* Info.plist */,
				1CBF2FF81CD0189B009B1630 /* Virtual_Tourist.xcdatamodeld */,
				1CBF30061CD01928009B1630 /* CoreDataStackManager.swift */,
			);
			path = "Virtual Tourist";
			sourceTree = "<group>";
		};
		1CBF300A1CD01EEB009B1630 /* Models */ = {
			isa = PBXGroup;
			children = (
				1CBF300B1CD01F08009B1630 /* FlickrClient.swift */,
				1CBF30161CD189B3009B1630 /* FlickrConstants.swift */,
				1CBF30101CD04B26009B1630 /* Pin.swift */,
				1CBF30121CD04E02009B1630 /* Photo.swift */,
			);
			name = Models;
			sourceTree = "<group>";
		};
/* End PBXGroup section */

/* Begin PBXNativeTarget section */
		1CBF2FED1CD0189B009B1630 /* Virtual Tourist */ = {
			isa = PBXNativeTarget;
			buildConfigurationList = 1CBF30031CD0189B009B1630 /* Build configuration list for PBXNativeTarget "Virtual Tourist" */;
			buildPhases = (
				1CBF2FEA1CD0189B009B1630 /* Sources */,
				1CBF2FEB1CD0189B009B1630 /* Frameworks */,
				1CBF2FEC1CD0189B009B1630 /* Resources */,
			);
			buildRules = (
			);
			dependencies = (
			);
			name = "Virtual Tourist";
			productName = "Virtual Tourist";
			productReference = 1CBF2FEE1CD0189B009B1630 /* Virtual Tourist.app */;
			productType = "com.apple.product-type.application";
		};
/* End PBXNativeTarget section */

/* Begin PBXProject section */
		1CBF2FE61CD0189B009B1630 /* Project object */ = {
			isa = PBXProject;
			attributes = {
				LastSwiftUpdateCheck = 0730;
				LastUpgradeCheck = 0730;
				ORGANIZATIONNAME = "Jeff Tilson";
				TargetAttributes = {
					1CBF2FED1CD0189B009B1630 = {
						CreatedOnToolsVersion = 7.3;
					};
				};
			};
			buildConfigurationList = 1CBF2FE91CD0189B009B1630 /* Build configuration list for PBXProject "Virtual Tourist" */;
			compatibilityVersion = "Xcode 3.2";
			developmentRegion = English;
			hasScannedForEncodings = 0;
			knownRegions = (
				en,
				Base,
			);
			mainGroup = 1CBF2FE51CD0189B009B1630;
			productRefGroup = 1CBF2FEF1CD0189B009B1630 /* Products */;
			projectDirPath = "";
			projectRoot = "";
			targets = (
				1CBF2FED1CD0189B009B1630 /* Virtual Tourist */,
			);
		};
/* End PBXProject section */

/* Begin PBXResourcesBuildPhase section */
		1CBF2FEC1CD0189B009B1630 /* Resources */ = {
			isa = PBXResourcesBuildPhase;
			buildActionMask = 2147483647;
			files = (
				1CBF2FFF1CD0189B009B1630 /* LaunchScreen.storyboard in Resources */,
				1CBF301B1CD2CE02009B1630 /* Apple_Swift_Logo.png in Resources */,
				1CBF2FFC1CD0189B009B1630 /* Assets.xcassets in Resources */,
				1CBF2FF71CD0189B009B1630 /* Main.storyboard in Resources */,
			);
			runOnlyForDeploymentPostprocessing = 0;
		};
/* End PBXResourcesBuildPhase section */

/* Begin PBXSourcesBuildPhase section */
		1CBF2FEA1CD0189B009B1630 /* Sources */ = {
			isa = PBXSourcesBuildPhase;
			buildActionMask = 2147483647;
			files = (
				1CBF30131CD04E02009B1630 /* Photo.swift in Sources */,
				1CBF30191CD2CAA8009B1630 /* PhotoCollectionViewCell.swift in Sources */,
				1CBF30171CD189B3009B1630 /* FlickrConstants.swift in Sources */,
				1CBF2FF41CD0189B009B1630 /* MapViewController.swift in Sources */,
				1CBF300C1CD01F08009B1630 /* FlickrClient.swift in Sources */,
				1CBF30151CD1808C009B1630 /* PhotoCollectionViewController.swift in Sources */,
				1C7A07AF1CD3B1970017C24F /* ViewHelpers.swift in Sources */,
				1CBF30071CD01928009B1630 /* CoreDataStackManager.swift in Sources */,
				1CBF30111CD04B26009B1630 /* Pin.swift in Sources */,
				1CBF2FFA1CD0189B009B1630 /* Virtual_Tourist.xcdatamodeld in Sources */,
				1CBF2FF21CD0189B009B1630 /* AppDelegate.swift in Sources */,
			);
			runOnlyForDeploymentPostprocessing = 0;
		};
/* End PBXSourcesBuildPhase section */

/* Begin PBXVariantGroup section */
		1CBF2FF51CD0189B009B1630 /* Main.storyboard */ = {
			isa = PBXVariantGroup;
			children = (
				1CBF2FF61CD0189B009B1630 /* Base */,
			);
			name = Main.storyboard;
			sourceTree = "<group>";
		};
		1CBF2FFD1CD0189B009B1630 /* LaunchScreen.storyboard */ = {
			isa = PBXVariantGroup;
			children = (
				1CBF2FFE1CD0189B009B1630 /* Base */,
			);
			name = LaunchScreen.storyboard;
			sourceTree = "<group>";
		};
/* End PBXVariantGroup section */

/* Begin XCBuildConfiguration section */
		1CBF30011CD0189B009B1630 /* Debug */ = {
			isa = XCBuildConfiguration;
			buildSettings = {
				ALWAYS_SEARCH_USER_PATHS = NO;
				CLANG_ANALYZER_NONNULL = YES;
				CLANG_CXX_LANGUAGE_STANDARD = "gnu++0x";
				CLANG_CXX_LIBRARY = "libc++";
				CLANG_ENABLE_MODULES = YES;
				CLANG_ENABLE_OBJC_ARC = YES;
				CLANG_WARN_BOOL_CONVERSION = YES;
				CLANG_WARN_CONSTANT_CONVERSION = YES;
				CLANG_WARN_DIRECT_OBJC_ISA_USAGE = YES_ERROR;
				CLANG_WARN_EMPTY_BODY = YES;
				CLANG_WARN_ENUM_CONVERSION = YES;
				CLANG_WARN_INT_CONVERSION = YES;
				CLANG_WARN_OBJC_ROOT_CLASS = YES_ERROR;
				CLANG_WARN_UNREACHABLE_CODE = YES;
				CLANG_WARN__DUPLICATE_METHOD_MATCH = YES;
				"CODE_SIGN_IDENTITY[sdk=iphoneos*]" = "iPhone Developer";
				COPY_PHASE_STRIP = NO;
				DEBUG_INFORMATION_FORMAT = dwarf;
				ENABLE_STRICT_OBJC_MSGSEND = YES;
				ENABLE_TESTABILITY = YES;
				GCC_C_LANGUAGE_STANDARD = gnu99;
				GCC_DYNAMIC_NO_PIC = NO;
				GCC_NO_COMMON_BLOCKS = YES;
				GCC_OPTIMIZATION_LEVEL = 0;
				GCC_PREPROCESSOR_DEFINITIONS = (
					"DEBUG=1",
					"$(inherited)",
				);
				GCC_WARN_64_TO_32_BIT_CONVERSION = YES;
				GCC_WARN_ABOUT_RETURN_TYPE = YES_ERROR;
				GCC_WARN_UNDECLARED_SELECTOR = YES;
				GCC_WARN_UNINITIALIZED_AUTOS = YES_AGGRESSIVE;
				GCC_WARN_UNUSED_FUNCTION = YES;
				GCC_WARN_UNUSED_VARIABLE = YES;
				IPHONEOS_DEPLOYMENT_TARGET = 9.3;
				MTL_ENABLE_DEBUG_INFO = YES;
				ONLY_ACTIVE_ARCH = YES;
				SDKROOT = iphoneos;
				SWIFT_OPTIMIZATION_LEVEL = "-Onone";
			};
			name = Debug;
		};
		1CBF30021CD0189B009B1630 /* Release */ = {
			isa = XCBuildConfiguration;
			buildSettings = {
				ALWAYS_SEARCH_USER_PATHS = NO;
				CLANG_ANALYZER_NONNULL = YES;
				CLANG_CXX_LANGUAGE_STANDARD = "gnu++0x";
				CLANG_CXX_LIBRARY = "libc++";
				CLANG_ENABLE_MODULES = YES;
				CLANG_ENABLE_OBJC_ARC = YES;
				CLANG_WARN_BOOL_CONVERSION = YES;
				CLANG_WARN_CONSTANT_CONVERSION = YES;
				CLANG_WARN_DIRECT_OBJC_ISA_USAGE = YES_ERROR;
				CLANG_WARN_EMPTY_BODY = YES;
				CLANG_WARN_ENUM_CONVERSION = YES;
				CLANG_WARN_INT_CONVERSION = YES;
				CLANG_WARN_OBJC_ROOT_CLASS = YES_ERROR;
				CLANG_WARN_UNREACHABLE_CODE = YES;
				CLANG_WARN__DUPLICATE_METHOD_MATCH = YES;
				"CODE_SIGN_IDENTITY[sdk=iphoneos*]" = "iPhone Developer";
				COPY_PHASE_STRIP = NO;
				DEBUG_INFORMATION_FORMAT = "dwarf-with-dsym";
				ENABLE_NS_ASSERTIONS = NO;
				ENABLE_STRICT_OBJC_MSGSEND = YES;
				GCC_C_LANGUAGE_STANDARD = gnu99;
				GCC_NO_COMMON_BLOCKS = YES;
				GCC_WARN_64_TO_32_BIT_CONVERSION = YES;
				GCC_WARN_ABOUT_RETURN_TYPE = YES_ERROR;
				GCC_WARN_UNDECLARED_SELECTOR = YES;
				GCC_WARN_UNINITIALIZED_AUTOS = YES_AGGRESSIVE;
				GCC_WARN_UNUSED_FUNCTION = YES;
				GCC_WARN_UNUSED_VARIABLE = YES;
				IPHONEOS_DEPLOYMENT_TARGET = 9.3;
				MTL_ENABLE_DEBUG_INFO = NO;
				SDKROOT = iphoneos;
				VALIDATE_PRODUCT = YES;
			};
			name = Release;
		};
		1CBF30041CD0189B009B1630 /* Debug */ = {
			isa = XCBuildConfiguration;
			buildSettings = {
				ASSETCATALOG_COMPILER_APPICON_NAME = AppIcon;
				INFOPLIST_FILE = "Virtual Tourist/Info.plist";
				LD_RUNPATH_SEARCH_PATHS = "$(inherited) @executable_path/Frameworks";
				PRODUCT_BUNDLE_IDENTIFIER = "com.jefftilson.Virtual-Tourist";
				PRODUCT_NAME = "$(TARGET_NAME)";
			};
			name = Debug;
		};
		1CBF30051CD0189B009B1630 /* Release */ = {
			isa = XCBuildConfiguration;
			buildSettings = {
				ASSETCATALOG_COMPILER_APPICON_NAME = AppIcon;
				INFOPLIST_FILE = "Virtual Tourist/Info.plist";
				LD_RUNPATH_SEARCH_PATHS = "$(inherited) @executable_path/Frameworks";
				PRODUCT_BUNDLE_IDENTIFIER = "com.jefftilson.Virtual-Tourist";
				PRODUCT_NAME = "$(TARGET_NAME)";
			};
			name = Release;
		};
/* End XCBuildConfiguration section */

/* Begin XCConfigurationList section */
		1CBF2FE91CD0189B009B1630 /* Build configuration list for PBXProject "Virtual Tourist" */ = {
			isa = XCConfigurationList;
			buildConfigurations = (
				1CBF30011CD0189B009B1630 /* Debug */,
				1CBF30021CD0189B009B1630 /* Release */,
			);
			defaultConfigurationIsVisible = 0;
			defaultConfigurationName = Release;
		};
		1CBF30031CD0189B009B1630 /* Build configuration list for PBXNativeTarget "Virtual Tourist" */ = {
			isa = XCConfigurationList;
			buildConfigurations = (
				1CBF30041CD0189B009B1630 /* Debug */,
				1CBF30051CD0189B009B1630 /* Release */,
			);
			defaultConfigurationIsVisible = 0;
			defaultConfigurationName = Release;
		};
/* End XCConfigurationList section */

/* Begin XCVersionGroup section */
		1CBF2FF81CD0189B009B1630 /* Virtual_Tourist.xcdatamodeld */ = {
			isa = XCVersionGroup;
			children = (
				1CBF2FF91CD0189B009B1630 /* Virtual_Tourist.xcdatamodel */,
			);
			currentVersion = 1CBF2FF91CD0189B009B1630 /* Virtual_Tourist.xcdatamodel */;
			path = Virtual_Tourist.xcdatamodeld;
			sourceTree = "<group>";
			versionGroupType = wrapper.xcdatamodel;
		};
/* End XCVersionGroup section */
	};
	rootObject = 1CBF2FE61CD0189B009B1630 /* Project object */;
}
